{
    "_meta": {
        "hash": {
            "sha256": "49f0d858d511acb6f23b9e1b72c4676405d890c3dfab3eddc3493d96e2280a97"
        },
        "pipfile-spec": 6,
        "requires": {
            "python_version": "3.9"
        },
        "sources": [
            {
                "name": "pypi",
                "url": "https://pypi.org/simple",
                "verify_ssl": true
            },
            {
                "name": "testpypi",
                "url": "https://test.pypi.org/simple/",
                "verify_ssl": true
            }
        ]
    },
    "default": {},
    "develop": {}
}
